// !$*UTF8*$!
{
	archiveVersion = 1;
	classes = {
	};
	objectVersion = 55;
	objects = {

/* Begin PBXBuildFile section */
		9B6776B927453320006F5E8B /* AppDelegate.swift in Sources */ = {isa = PBXBuildFile; fileRef = 9B6776B827453320006F5E8B /* AppDelegate.swift */; };
		9B6776BB27453320006F5E8B /* SceneDelegate.swift in Sources */ = {isa = PBXBuildFile; fileRef = 9B6776BA27453320006F5E8B /* SceneDelegate.swift */; };
		9B6776BD27453320006F5E8B /* SearchViewController.swift in Sources */ = {isa = PBXBuildFile; fileRef = 9B6776BC27453320006F5E8B /* SearchViewController.swift */; };
		9B6776C027453320006F5E8B /* Main.storyboard in Resources */ = {isa = PBXBuildFile; fileRef = 9B6776BE27453320006F5E8B /* Main.storyboard */; };
		9B6776C227453321006F5E8B /* Assets.xcassets in Resources */ = {isa = PBXBuildFile; fileRef = 9B6776C127453321006F5E8B /* Assets.xcassets */; };
		9B6776D127455734006F5E8B /* AlbumsViewController.swift in Sources */ = {isa = PBXBuildFile; fileRef = 9B6776D027455734006F5E8B /* AlbumsViewController.swift */; };
		9BA5D1E42745611E002FC10C /* HistoryViewController.swift in Sources */ = {isa = PBXBuildFile; fileRef = 9BA5D1E32745611E002FC10C /* HistoryViewController.swift */; };
		9BA5D1E62746018E002FC10C /* AlbumDetailViewController.swift in Sources */ = {isa = PBXBuildFile; fileRef = 9BA5D1E52746018E002FC10C /* AlbumDetailViewController.swift */; };
		9BA5D1E927462AE3002FC10C /* AlbumCell.swift in Sources */ = {isa = PBXBuildFile; fileRef = 9BA5D1E727462AE3002FC10C /* AlbumCell.swift */; };
		9BA5D1EA27462AE3002FC10C /* AlbumCell.xib in Resources */ = {isa = PBXBuildFile; fileRef = 9BA5D1E827462AE3002FC10C /* AlbumCell.xib */; };
		9BA5D1F027464BF7002FC10C /* Searcher.swift in Sources */ = {isa = PBXBuildFile; fileRef = 9BA5D1EF27464BF7002FC10C /* Searcher.swift */; };
		9BA5D1F327464E77002FC10C /* Album.swift in Sources */ = {isa = PBXBuildFile; fileRef = 9BA5D1F227464E77002FC10C /* Album.swift */; };
		9BA5D1F52746589F002FC10C /* Track.swift in Sources */ = {isa = PBXBuildFile; fileRef = 9BA5D1F42746589F002FC10C /* Track.swift */; };
		9BA5D1F727465DE5002FC10C /* MusicData.swift in Sources */ = {isa = PBXBuildFile; fileRef = 9BA5D1F627465DE5002FC10C /* MusicData.swift */; };
		9BA5D1FA2746C60B002FC10C /* UIImageView+DownloadImage.swift in Sources */ = {isa = PBXBuildFile; fileRef = 9BA5D1F92746C60B002FC10C /* UIImageView+DownloadImage.swift */; };
		9BA5D1FC27475265002FC10C /* Utils.swift in Sources */ = {isa = PBXBuildFile; fileRef = 9BA5D1FB27475265002FC10C /* Utils.swift */; };
/* End PBXBuildFile section */

/* Begin PBXFileReference section */
		9B6776B527453320006F5E8B /* iTunesAlbums.app */ = {isa = PBXFileReference; explicitFileType = wrapper.application; includeInIndex = 0; path = iTunesAlbums.app; sourceTree = BUILT_PRODUCTS_DIR; };
		9B6776B827453320006F5E8B /* AppDelegate.swift */ = {isa = PBXFileReference; lastKnownFileType = sourcecode.swift; path = AppDelegate.swift; sourceTree = "<group>"; };
		9B6776BA27453320006F5E8B /* SceneDelegate.swift */ = {isa = PBXFileReference; lastKnownFileType = sourcecode.swift; path = SceneDelegate.swift; sourceTree = "<group>"; };
		9B6776BC27453320006F5E8B /* SearchViewController.swift */ = {isa = PBXFileReference; lastKnownFileType = sourcecode.swift; path = SearchViewController.swift; sourceTree = "<group>"; };
		9B6776BF27453320006F5E8B /* Base */ = {isa = PBXFileReference; lastKnownFileType = file.storyboard; name = Base; path = Base.lproj/Main.storyboard; sourceTree = "<group>"; };
		9B6776C127453321006F5E8B /* Assets.xcassets */ = {isa = PBXFileReference; lastKnownFileType = folder.assetcatalog; path = Assets.xcassets; sourceTree = "<group>"; };
		9B6776C627453321006F5E8B /* Info.plist */ = {isa = PBXFileReference; lastKnownFileType = text.plist.xml; path = Info.plist; sourceTree = "<group>"; };
		9B6776D027455734006F5E8B /* AlbumsViewController.swift */ = {isa = PBXFileReference; lastKnownFileType = sourcecode.swift; path = AlbumsViewController.swift; sourceTree = "<group>"; };
		9BA5D1E32745611E002FC10C /* HistoryViewController.swift */ = {isa = PBXFileReference; lastKnownFileType = sourcecode.swift; path = HistoryViewController.swift; sourceTree = "<group>"; };
		9BA5D1E52746018E002FC10C /* AlbumDetailViewController.swift */ = {isa = PBXFileReference; lastKnownFileType = sourcecode.swift; path = AlbumDetailViewController.swift; sourceTree = "<group>"; };
		9BA5D1E727462AE3002FC10C /* AlbumCell.swift */ = {isa = PBXFileReference; lastKnownFileType = sourcecode.swift; path = AlbumCell.swift; sourceTree = "<group>"; };
		9BA5D1E827462AE3002FC10C /* AlbumCell.xib */ = {isa = PBXFileReference; lastKnownFileType = file.xib; path = AlbumCell.xib; sourceTree = "<group>"; };
		9BA5D1EF27464BF7002FC10C /* Searcher.swift */ = {isa = PBXFileReference; lastKnownFileType = sourcecode.swift; path = Searcher.swift; sourceTree = "<group>"; };
		9BA5D1F227464E77002FC10C /* Album.swift */ = {isa = PBXFileReference; lastKnownFileType = sourcecode.swift; path = Album.swift; sourceTree = "<group>"; };
		9BA5D1F42746589F002FC10C /* Track.swift */ = {isa = PBXFileReference; lastKnownFileType = sourcecode.swift; path = Track.swift; sourceTree = "<group>"; };
		9BA5D1F627465DE5002FC10C /* MusicData.swift */ = {isa = PBXFileReference; lastKnownFileType = sourcecode.swift; path = MusicData.swift; sourceTree = "<group>"; };
		9BA5D1F92746C60B002FC10C /* UIImageView+DownloadImage.swift */ = {isa = PBXFileReference; lastKnownFileType = sourcecode.swift; path = "UIImageView+DownloadImage.swift"; sourceTree = "<group>"; };
		9BA5D1FB27475265002FC10C /* Utils.swift */ = {isa = PBXFileReference; lastKnownFileType = sourcecode.swift; path = Utils.swift; sourceTree = "<group>"; };
/* End PBXFileReference section */

/* Begin PBXFrameworksBuildPhase section */
		9B6776B227453320006F5E8B /* Frameworks */ = {
			isa = PBXFrameworksBuildPhase;
			buildActionMask = 2147483647;
			files = (
			);
			runOnlyForDeploymentPostprocessing = 0;
		};
/* End PBXFrameworksBuildPhase section */

/* Begin PBXGroup section */
		9B6776AC27453320006F5E8B = {
			isa = PBXGroup;
			children = (
				9B6776B727453320006F5E8B /* iTunesAlbums */,
				9B6776B627453320006F5E8B /* Products */,
			);
			sourceTree = "<group>";
		};
		9B6776B627453320006F5E8B /* Products */ = {
			isa = PBXGroup;
			children = (
				9B6776B527453320006F5E8B /* iTunesAlbums.app */,
			);
			name = Products;
			sourceTree = "<group>";
		};
		9B6776B727453320006F5E8B /* iTunesAlbums */ = {
			isa = PBXGroup;
			children = (
				9BA5D1F82746C5FB002FC10C /* Extensions */,
				9BA5D1F127464E59002FC10C /* Models */,
				9BA5D1EE27464BEC002FC10C /* Utils */,
				9BA5D1EB27462AFF002FC10C /* Views */,
				9B6776C627453321006F5E8B /* Info.plist */,
				9BA5D1ED27464BAA002FC10C /* Delegates */,
				9B6776C127453321006F5E8B /* Assets.xcassets */,
				9B6776BE27453320006F5E8B /* Main.storyboard */,
				9BA5D1E227456088002FC10C /* ViewControllers */,
			);
			path = iTunesAlbums;
			sourceTree = "<group>";
		};
		9BA5D1E227456088002FC10C /* ViewControllers */ = {
			isa = PBXGroup;
			children = (
				9B6776BC27453320006F5E8B /* SearchViewController.swift */,
				9B6776D027455734006F5E8B /* AlbumsViewController.swift */,
				9BA5D1E32745611E002FC10C /* HistoryViewController.swift */,
				9BA5D1E52746018E002FC10C /* AlbumDetailViewController.swift */,
			);
			path = ViewControllers;
			sourceTree = "<group>";
		};
		9BA5D1EB27462AFF002FC10C /* Views */ = {
			isa = PBXGroup;
			children = (
				9BA5D1EC27462B11002FC10C /* AlbumCell */,
			);
			path = Views;
			sourceTree = "<group>";
		};
		9BA5D1EC27462B11002FC10C /* AlbumCell */ = {
			isa = PBXGroup;
			children = (
				9BA5D1E827462AE3002FC10C /* AlbumCell.xib */,
				9BA5D1E727462AE3002FC10C /* AlbumCell.swift */,
			);
			path = AlbumCell;
			sourceTree = "<group>";
		};
		9BA5D1ED27464BAA002FC10C /* Delegates */ = {
			isa = PBXGroup;
			children = (
				9B6776B827453320006F5E8B /* AppDelegate.swift */,
				9B6776BA27453320006F5E8B /* SceneDelegate.swift */,
			);
			path = Delegates;
			sourceTree = "<group>";
		};
		9BA5D1EE27464BEC002FC10C /* Utils */ = {
			isa = PBXGroup;
			children = (
				9BA5D1EF27464BF7002FC10C /* Searcher.swift */,
				9BA5D1FB27475265002FC10C /* Utils.swift */,
			);
			path = Utils;
			sourceTree = "<group>";
		};
		9BA5D1F127464E59002FC10C /* Models */ = {
			isa = PBXGroup;
			children = (
				9BA5D1F227464E77002FC10C /* Album.swift */,
				9BA5D1F42746589F002FC10C /* Track.swift */,
				9BA5D1F627465DE5002FC10C /* MusicData.swift */,
			);
			path = Models;
			sourceTree = "<group>";
		};
		9BA5D1F82746C5FB002FC10C /* Extensions */ = {
			isa = PBXGroup;
			children = (
				9BA5D1F92746C60B002FC10C /* UIImageView+DownloadImage.swift */,
			);
			path = Extensions;
			sourceTree = "<group>";
		};
/* End PBXGroup section */

/* Begin PBXNativeTarget section */
		9B6776B427453320006F5E8B /* iTunesAlbums */ = {
			isa = PBXNativeTarget;
			buildConfigurationList = 9B6776C927453321006F5E8B /* Build configuration list for PBXNativeTarget "iTunesAlbums" */;
			buildPhases = (
				9B6776B127453320006F5E8B /* Sources */,
				9B6776B227453320006F5E8B /* Frameworks */,
				9B6776B327453320006F5E8B /* Resources */,
			);
			buildRules = (
			);
			dependencies = (
			);
			name = iTunesAlbums;
			productName = iTunesAlbums;
			productReference = 9B6776B527453320006F5E8B /* iTunesAlbums.app */;
			productType = "com.apple.product-type.application";
		};
/* End PBXNativeTarget section */

/* Begin PBXProject section */
		9B6776AD27453320006F5E8B /* Project object */ = {
			isa = PBXProject;
			attributes = {
				BuildIndependentTargetsInParallel = 1;
				LastSwiftUpdateCheck = 1310;
				LastUpgradeCheck = 1310;
				TargetAttributes = {
					9B6776B427453320006F5E8B = {
						CreatedOnToolsVersion = 13.1;
					};
				};
			};
			buildConfigurationList = 9B6776B027453320006F5E8B /* Build configuration list for PBXProject "iTunesAlbums" */;
			compatibilityVersion = "Xcode 13.0";
			developmentRegion = en;
			hasScannedForEncodings = 0;
			knownRegions = (
				en,
				Base,
			);
			mainGroup = 9B6776AC27453320006F5E8B;
			productRefGroup = 9B6776B627453320006F5E8B /* Products */;
			projectDirPath = "";
			projectRoot = "";
			targets = (
				9B6776B427453320006F5E8B /* iTunesAlbums */,
			);
		};
/* End PBXProject section */

/* Begin PBXResourcesBuildPhase section */
		9B6776B327453320006F5E8B /* Resources */ = {
			isa = PBXResourcesBuildPhase;
			buildActionMask = 2147483647;
			files = (
				9B6776C227453321006F5E8B /* Assets.xcassets in Resources */,
				9B6776C027453320006F5E8B /* Main.storyboard in Resources */,
				9BA5D1EA27462AE3002FC10C /* AlbumCell.xib in Resources */,
			);
			runOnlyForDeploymentPostprocessing = 0;
		};
/* End PBXResourcesBuildPhase section */

/* Begin PBXSourcesBuildPhase section */
		9B6776B127453320006F5E8B /* Sources */ = {
			isa = PBXSourcesBuildPhase;
			buildActionMask = 2147483647;
			files = (
				9B6776D127455734006F5E8B /* AlbumsViewController.swift in Sources */,
				9BA5D1F52746589F002FC10C /* Track.swift in Sources */,
				9BA5D1E42745611E002FC10C /* HistoryViewController.swift in Sources */,
				9B6776BD27453320006F5E8B /* SearchViewController.swift in Sources */,
				9BA5D1E927462AE3002FC10C /* AlbumCell.swift in Sources */,
				9BA5D1FC27475265002FC10C /* Utils.swift in Sources */,
				9BA5D1F727465DE5002FC10C /* MusicData.swift in Sources */,
				9B6776B927453320006F5E8B /* AppDelegate.swift in Sources */,
				9BA5D1F327464E77002FC10C /* Album.swift in Sources */,
				9BA5D1FA2746C60B002FC10C /* UIImageView+DownloadImage.swift in Sources */,
				9B6776BB27453320006F5E8B /* SceneDelegate.swift in Sources */,
				9BA5D1F027464BF7002FC10C /* Searcher.swift in Sources */,
				9BA5D1E62746018E002FC10C /* AlbumDetailViewController.swift in Sources */,
			);
			runOnlyForDeploymentPostprocessing = 0;
		};
/* End PBXSourcesBuildPhase section */

/* Begin PBXVariantGroup section */
		9B6776BE27453320006F5E8B /* Main.storyboard */ = {
			isa = PBXVariantGroup;
			children = (
				9B6776BF27453320006F5E8B /* Base */,
			);
			name = Main.storyboard;
			sourceTree = "<group>";
		};
/* End PBXVariantGroup section */

/* Begin XCBuildConfiguration section */
		9B6776C727453321006F5E8B /* Debug */ = {
			isa = XCBuildConfiguration;
			buildSettings = {
				ALWAYS_SEARCH_USER_PATHS = NO;
				CLANG_ANALYZER_NONNULL = YES;
				CLANG_ANALYZER_NUMBER_OBJECT_CONVERSION = YES_AGGRESSIVE;
				CLANG_CXX_LANGUAGE_STANDARD = "gnu++17";
				CLANG_CXX_LIBRARY = "libc++";
				CLANG_ENABLE_MODULES = YES;
				CLANG_ENABLE_OBJC_ARC = YES;
				CLANG_ENABLE_OBJC_WEAK = YES;
				CLANG_WARN_BLOCK_CAPTURE_AUTORELEASING = YES;
				CLANG_WARN_BOOL_CONVERSION = YES;
				CLANG_WARN_COMMA = YES;
				CLANG_WARN_CONSTANT_CONVERSION = YES;
				CLANG_WARN_DEPRECATED_OBJC_IMPLEMENTATIONS = YES;
				CLANG_WARN_DIRECT_OBJC_ISA_USAGE = YES_ERROR;
				CLANG_WARN_DOCUMENTATION_COMMENTS = YES;
				CLANG_WARN_EMPTY_BODY = YES;
				CLANG_WARN_ENUM_CONVERSION = YES;
				CLANG_WARN_INFINITE_RECURSION = YES;
				CLANG_WARN_INT_CONVERSION = YES;
				CLANG_WARN_NON_LITERAL_NULL_CONVERSION = YES;
				CLANG_WARN_OBJC_IMPLICIT_RETAIN_SELF = YES;
				CLANG_WARN_OBJC_LITERAL_CONVERSION = YES;
				CLANG_WARN_OBJC_ROOT_CLASS = YES_ERROR;
				CLANG_WARN_QUOTED_INCLUDE_IN_FRAMEWORK_HEADER = YES;
				CLANG_WARN_RANGE_LOOP_ANALYSIS = YES;
				CLANG_WARN_STRICT_PROTOTYPES = YES;
				CLANG_WARN_SUSPICIOUS_MOVE = YES;
				CLANG_WARN_UNGUARDED_AVAILABILITY = YES_AGGRESSIVE;
				CLANG_WARN_UNREACHABLE_CODE = YES;
				CLANG_WARN__DUPLICATE_METHOD_MATCH = YES;
				COPY_PHASE_STRIP = NO;
				DEBUG_INFORMATION_FORMAT = dwarf;
				ENABLE_STRICT_OBJC_MSGSEND = YES;
				ENABLE_TESTABILITY = YES;
				GCC_C_LANGUAGE_STANDARD = gnu11;
				GCC_DYNAMIC_NO_PIC = NO;
				GCC_NO_COMMON_BLOCKS = YES;
				GCC_OPTIMIZATION_LEVEL = 0;
				GCC_PREPROCESSOR_DEFINITIONS = (
					"DEBUG=1",
					"$(inherited)",
				);
				GCC_WARN_64_TO_32_BIT_CONVERSION = YES;
				GCC_WARN_ABOUT_RETURN_TYPE = YES_ERROR;
				GCC_WARN_UNDECLARED_SELECTOR = YES;
				GCC_WARN_UNINITIALIZED_AUTOS = YES_AGGRESSIVE;
				GCC_WARN_UNUSED_FUNCTION = YES;
				GCC_WARN_UNUSED_VARIABLE = YES;
				IPHONEOS_DEPLOYMENT_TARGET = 15.0;
				MTL_ENABLE_DEBUG_INFO = INCLUDE_SOURCE;
				MTL_FAST_MATH = YES;
				ONLY_ACTIVE_ARCH = YES;
				SDKROOT = iphoneos;
				SWIFT_ACTIVE_COMPILATION_CONDITIONS = DEBUG;
				SWIFT_OPTIMIZATION_LEVEL = "-Onone";
			};
			name = Debug;
		};
		9B6776C827453321006F5E8B /* Release */ = {
			isa = XCBuildConfiguration;
			buildSettings = {
				ALWAYS_SEARCH_USER_PATHS = NO;
				CLANG_ANALYZER_NONNULL = YES;
				CLANG_ANALYZER_NUMBER_OBJECT_CONVERSION = YES_AGGRESSIVE;
				CLANG_CXX_LANGUAGE_STANDARD = "gnu++17";
				CLANG_CXX_LIBRARY = "libc++";
				CLANG_ENABLE_MODULES = YES;
				CLANG_ENABLE_OBJC_ARC = YES;
				CLANG_ENABLE_OBJC_WEAK = YES;
				CLANG_WARN_BLOCK_CAPTURE_AUTORELEASING = YES;
				CLANG_WARN_BOOL_CONVERSION = YES;
				CLANG_WARN_COMMA = YES;
				CLANG_WARN_CONSTANT_CONVERSION = YES;
				CLANG_WARN_DEPRECATED_OBJC_IMPLEMENTATIONS = YES;
				CLANG_WARN_DIRECT_OBJC_ISA_USAGE = YES_ERROR;
				CLANG_WARN_DOCUMENTATION_COMMENTS = YES;
				CLANG_WARN_EMPTY_BODY = YES;
				CLANG_WARN_ENUM_CONVERSION = YES;
				CLANG_WARN_INFINITE_RECURSION = YES;
				CLANG_WARN_INT_CONVERSION = YES;
				CLANG_WARN_NON_LITERAL_NULL_CONVERSION = YES;
				CLANG_WARN_OBJC_IMPLICIT_RETAIN_SELF = YES;
				CLANG_WARN_OBJC_LITERAL_CONVERSION = YES;
				CLANG_WARN_OBJC_ROOT_CLASS = YES_ERROR;
				CLANG_WARN_QUOTED_INCLUDE_IN_FRAMEWORK_HEADER = YES;
				CLANG_WARN_RANGE_LOOP_ANALYSIS = YES;
				CLANG_WARN_STRICT_PROTOTYPES = YES;
				CLANG_WARN_SUSPICIOUS_MOVE = YES;
				CLANG_WARN_UNGUARDED_AVAILABILITY = YES_AGGRESSIVE;
				CLANG_WARN_UNREACHABLE_CODE = YES;
				CLANG_WARN__DUPLICATE_METHOD_MATCH = YES;
				COPY_PHASE_STRIP = NO;
				DEBUG_INFORMATION_FORMAT = "dwarf-with-dsym";
				ENABLE_NS_ASSERTIONS = NO;
				ENABLE_STRICT_OBJC_MSGSEND = YES;
				GCC_C_LANGUAGE_STANDARD = gnu11;
				GCC_NO_COMMON_BLOCKS = YES;
				GCC_WARN_64_TO_32_BIT_CONVERSION = YES;
				GCC_WARN_ABOUT_RETURN_TYPE = YES_ERROR;
				GCC_WARN_UNDECLARED_SELECTOR = YES;
				GCC_WARN_UNINITIALIZED_AUTOS = YES_AGGRESSIVE;
				GCC_WARN_UNUSED_FUNCTION = YES;
				GCC_WARN_UNUSED_VARIABLE = YES;
				IPHONEOS_DEPLOYMENT_TARGET = 15.0;
				MTL_ENABLE_DEBUG_INFO = NO;
				MTL_FAST_MATH = YES;
				SDKROOT = iphoneos;
				SWIFT_COMPILATION_MODE = wholemodule;
				SWIFT_OPTIMIZATION_LEVEL = "-O";
				VALIDATE_PRODUCT = YES;
			};
			name = Release;
		};
		9B6776CA27453321006F5E8B /* Debug */ = {
			isa = XCBuildConfiguration;
			buildSettings = {
				ASSETCATALOG_COMPILER_APPICON_NAME = AppIcon;
				ASSETCATALOG_COMPILER_GLOBAL_ACCENT_COLOR_NAME = AccentColor;
				CODE_SIGN_STYLE = Automatic;
				CURRENT_PROJECT_VERSION = 1;
				DEVELOPMENT_TEAM = N48552PM44;
				GENERATE_INFOPLIST_FILE = YES;
				INFOPLIST_FILE = iTunesAlbums/Info.plist;
				INFOPLIST_KEY_UIApplicationSupportsIndirectInputEvents = YES;
				INFOPLIST_KEY_UILaunchStoryboardName = Main;
				INFOPLIST_KEY_UIMainStoryboardFile = Main;
				INFOPLIST_KEY_UISupportedInterfaceOrientations = UIInterfaceOrientationPortrait;
				INFOPLIST_KEY_UISupportedInterfaceOrientations_iPad = "UIInterfaceOrientationPortrait UIInterfaceOrientationPortraitUpsideDown UIInterfaceOrientationLandscapeLeft UIInterfaceOrientationLandscapeRight";
				INFOPLIST_KEY_UISupportedInterfaceOrientations_iPhone = "UIInterfaceOrientationPortrait UIInterfaceOrientationLandscapeLeft UIInterfaceOrientationLandscapeRight";
				IPHONEOS_DEPLOYMENT_TARGET = 13.0;
				LD_RUNPATH_SEARCH_PATHS = (
					"$(inherited)",
					"@executable_path/Frameworks",
				);
				MARKETING_VERSION = 1.0;
				PRODUCT_BUNDLE_IDENTIFIER = com.plankton4.iTunesAlbums;
				PRODUCT_NAME = "$(TARGET_NAME)";
				SWIFT_EMIT_LOC_STRINGS = YES;
				SWIFT_VERSION = 5.0;
				TARGETED_DEVICE_FAMILY = 1;
			};
			name = Debug;
		};
		9B6776CB27453321006F5E8B /* Release */ = {
			isa = XCBuildConfiguration;
			buildSettings = {
				ASSETCATALOG_COMPILER_APPICON_NAME = AppIcon;
				ASSETCATALOG_COMPILER_GLOBAL_ACCENT_COLOR_NAME = AccentColor;
				CODE_SIGN_STYLE = Automatic;
				CURRENT_PROJECT_VERSION = 1;
				DEVELOPMENT_TEAM = N48552PM44;
				GENERATE_INFOPLIST_FILE = YES;
				INFOPLIST_FILE = iTunesAlbums/Info.plist;
				INFOPLIST_KEY_UIApplicationSupportsIndirectInputEvents = YES;
				INFOPLIST_KEY_UILaunchStoryboardName = Main;
				INFOPLIST_KEY_UIMainStoryboardFile = Main;
				INFOPLIST_KEY_UISupportedInterfaceOrientations = UIInterfaceOrientationPortrait;
				INFOPLIST_KEY_UISupportedInterfaceOrientations_iPad = "UIInterfaceOrientationPortrait UIInterfaceOrientationPortraitUpsideDown UIInterfaceOrientationLandscapeLeft UIInterfaceOrientationLandscapeRight";
				INFOPLIST_KEY_UISupportedInterfaceOrientations_iPhone = "UIInterfaceOrientationPortrait UIInterfaceOrientationLandscapeLeft UIInterfaceOrientationLandscapeRight";
				IPHONEOS_DEPLOYMENT_TARGET = 13.0;
				LD_RUNPATH_SEARCH_PATHS = (
					"$(inherited)",
					"@executable_path/Frameworks",
				);
				MARKETING_VERSION = 1.0;
				PRODUCT_BUNDLE_IDENTIFIER = com.plankton4.iTunesAlbums;
				PRODUCT_NAME = "$(TARGET_NAME)";
				SWIFT_EMIT_LOC_STRINGS = YES;
				SWIFT_VERSION = 5.0;
				TARGETED_DEVICE_FAMILY = 1;
			};
			name = Release;
		};
/* End XCBuildConfiguration section */

/* Begin XCConfigurationList section */
		9B6776B027453320006F5E8B /* Build configuration list for PBXProject "iTunesAlbums" */ = {
			isa = XCConfigurationList;
			buildConfigurations = (
				9B6776C727453321006F5E8B /* Debug */,
				9B6776C827453321006F5E8B /* Release */,
			);
			defaultConfigurationIsVisible = 0;
			defaultConfigurationName = Release;
		};
		9B6776C927453321006F5E8B /* Build configuration list for PBXNativeTarget "iTunesAlbums" */ = {
			isa = XCConfigurationList;
			buildConfigurations = (
				9B6776CA27453321006F5E8B /* Debug */,
				9B6776CB27453321006F5E8B /* Release */,
			);
			defaultConfigurationIsVisible = 0;
			defaultConfigurationName = Release;
		};
/* End XCConfigurationList section */
	};
	rootObject = 9B6776AD27453320006F5E8B /* Project object */;
}
